
Microsoft Visual Studio Solution File, Format Version 12.00
# Visual Studio Version 17
VisualStudioVersion = 17.14.36109.1
MinimumVisualStudioVersion = 10.0.40219.1
Project("{FAE04EC0-301F-11D3-BF4B-00C04F79EFBC}") = "UrlShortener.Api", "UrlShortener.Api\UrlShortener.Api.csproj", "{E3E0DC30-B831-4375-AB6A-C05332B0A1A3}"
EndProject
Project("{2150E333-8FDC-42A3-9474-1A3956D46DE8}") = "Solution Items", "Solution Items", "{8EC462FD-D22E-90A8-E5CE-7E832BA40C5D}"
	ProjectSection(SolutionItems) = preProject
		Dockerfile = Dockerfile
	EndProjectSection
EndProject
Global
	GlobalSection(SolutionConfigurationPlatforms) = preSolution
		Debug|Any CPU = Debug|Any CPU
		Release|Any CPU = Release|Any CPU
	EndGlobalSection
	GlobalSection(ProjectConfigurationPlatforms) = postSolution
		{E3E0DC30-B831-4375-AB6A-C05332B0A1A3}.Debug|Any CPU.ActiveCfg = Debug|Any CPU
		{E3E0DC30-B831-4375-AB6A-C05332B0A1A3}.Debug|Any CPU.Build.0 = Debug|Any CPU
		{E3E0DC30-B831-4375-AB6A-C05332B0A1A3}.Release|Any CPU.ActiveCfg = Release|Any CPU
		{E3E0DC30-B831-4375-AB6A-C05332B0A1A3}.Release|Any CPU.Build.0 = Release|Any CPU
	EndGlobalSection
	GlobalSection(SolutionProperties) = preSolution
		HideSolutionNode = FALSE
	EndGlobalSection
	GlobalSection(ExtensibilityGlobals) = postSolution
		SolutionGuid = {9749AA89-4190-4DB5-B69B-7561BAF43AB0}
	EndGlobalSection
EndGlobal
